
Microsoft Visual Studio Solution File, Format Version 12.00
# Visual Studio Version 16
VisualStudioVersion = 16.0.31624.102
MinimumVisualStudioVersion = 10.0.40219.1
Project("{FAE04EC0-301F-11D3-BF4B-00C04F79EFBC}") = "Autoveod", "Autoveod\Autoveod.csproj", "{AFB1BD6F-6E01-4E6D-AF1D-7916CB518DE0}"
EndProject
Global
	GlobalSection(SolutionConfigurationPlatforms) = preSolution
		Debug|Any CPU = Debug|Any CPU
		Release|Any CPU = Release|Any CPU
	EndGlobalSection
	GlobalSection(ProjectConfigurationPlatforms) = postSolution
		{AFB1BD6F-6E01-4E6D-AF1D-7916CB518DE0}.Debug|Any CPU.ActiveCfg = Debug|Any CPU
		{AFB1BD6F-6E01-4E6D-AF1D-7916CB518DE0}.Debug|Any CPU.Build.0 = Debug|Any CPU
		{AFB1BD6F-6E01-4E6D-AF1D-7916CB518DE0}.Release|Any CPU.ActiveCfg = Release|Any CPU
		{AFB1BD6F-6E01-4E6D-AF1D-7916CB518DE0}.Release|Any CPU.Build.0 = Release|Any CPU
	EndGlobalSection
	GlobalSection(SolutionProperties) = preSolution
		HideSolutionNode = FALSE
	EndGlobalSection
	GlobalSection(ExtensibilityGlobals) = postSolution
		SolutionGuid = {D215E8A4-6929-4C09-84F5-5E19C085614D}
	EndGlobalSection
EndGlobal
